
Microsoft Visual Studio Solution File, Format Version 12.00
# Visual Studio Version 17
VisualStudioVersion = 17.5.33530.505
MinimumVisualStudioVersion = 10.0.40219.1
Project("{FAE04EC0-301F-11D3-BF4B-00C04F79EFBC}") = "Exercise_9_5", "Exercise_9_5.csproj", "{23539796-B960-4F05-AADA-510B48D30318}"
EndProject
Global
	GlobalSection(SolutionConfigurationPlatforms) = preSolution
		Debug|Any CPU = Debug|Any CPU
		Release|Any CPU = Release|Any CPU
	EndGlobalSection
	GlobalSection(ProjectConfigurationPlatforms) = postSolution
		{23539796-B960-4F05-AADA-510B48D30318}.Debug|Any CPU.ActiveCfg = Debug|Any CPU
		{23539796-B960-4F05-AADA-510B48D30318}.Debug|Any CPU.Build.0 = Debug|Any CPU
		{23539796-B960-4F05-AADA-510B48D30318}.Release|Any CPU.ActiveCfg = Release|Any CPU
		{23539796-B960-4F05-AADA-510B48D30318}.Release|Any CPU.Build.0 = Release|Any CPU
	EndGlobalSection
	GlobalSection(SolutionProperties) = preSolution
		HideSolutionNode = FALSE
	EndGlobalSection
	GlobalSection(ExtensibilityGlobals) = postSolution
		SolutionGuid = {3804197D-04F7-4240-971F-F282BF9A4ACB}
	EndGlobalSection
EndGlobal
