
Microsoft Visual Studio Solution File, Format Version 12.00
# Visual Studio Version 17
VisualStudioVersion = 17.5.33530.505
MinimumVisualStudioVersion = 10.0.40219.1
Project("{FAE04EC0-301F-11D3-BF4B-00C04F79EFBC}") = "Exercise_9_4", "Exercise_9_4.csproj", "{B8BA5E88-C789-449A-A7E0-BB3F2F8F2C78}"
EndProject
Global
	GlobalSection(SolutionConfigurationPlatforms) = preSolution
		Debug|Any CPU = Debug|Any CPU
		Release|Any CPU = Release|Any CPU
	EndGlobalSection
	GlobalSection(ProjectConfigurationPlatforms) = postSolution
		{B8BA5E88-C789-449A-A7E0-BB3F2F8F2C78}.Debug|Any CPU.ActiveCfg = Debug|Any CPU
		{B8BA5E88-C789-449A-A7E0-BB3F2F8F2C78}.Debug|Any CPU.Build.0 = Debug|Any CPU
		{B8BA5E88-C789-449A-A7E0-BB3F2F8F2C78}.Release|Any CPU.ActiveCfg = Release|Any CPU
		{B8BA5E88-C789-449A-A7E0-BB3F2F8F2C78}.Release|Any CPU.Build.0 = Release|Any CPU
	EndGlobalSection
	GlobalSection(SolutionProperties) = preSolution
		HideSolutionNode = FALSE
	EndGlobalSection
	GlobalSection(ExtensibilityGlobals) = postSolution
		SolutionGuid = {0E34A784-D7B3-4A61-B69D-697AEB823C0D}
	EndGlobalSection
EndGlobal
